
Microsoft Visual Studio Solution File, Format Version 12.00
# Visual Studio Version 17
VisualStudioVersion = 17.10.35013.160
MinimumVisualStudioVersion = 10.0.40219.1
Project("{9A19103F-16F7-4668-BE54-9A1E7A4F7556}") = "GymInnowise.ReportService.API", "GymInnowise.ReportService.API\GymInnowise.ReportService.API.csproj", "{C0E25F5C-9CAF-46B8-B890-46EEE6428AAB}"
EndProject
Project("{9A19103F-16F7-4668-BE54-9A1E7A4F7556}") = "GymInnowise.Shared", "..\..\shared\GymInnowise.Shared\GymInnowise.Shared\GymInnowise.Shared.csproj", "{D46A0908-8A88-4972-8570-7B9501638043}"
EndProject
Project("{9A19103F-16F7-4668-BE54-9A1E7A4F7556}") = "GymInnowise.ReportService.Perstistence", "GymInnowise.ReportService.Perstistence\GymInnowise.ReportService.Perstistence.csproj", "{D0555A5E-C4FB-4C81-918A-DD2E5A10C73B}"
EndProject
Project("{9A19103F-16F7-4668-BE54-9A1E7A4F7556}") = "GymInnowise.ReportService.Logic", "GymInnowise.ReportService.Logic\GymInnowise.ReportService.Logic.csproj", "{08D62AD4-B93E-4ED1-B3D0-640F57C27934}"
EndProject
Project("{FAE04EC0-301F-11D3-BF4B-00C04F79EFBC}") = "GymInnowise.ReportService.Configuration", "GymInnowise.ReportService.Configuration\GymInnowise.ReportService.Configuration.csproj", "{EF58E3A1-0039-40D2-B955-264655E50A3F}"
EndProject
Global
	GlobalSection(SolutionConfigurationPlatforms) = preSolution
		Debug|Any CPU = Debug|Any CPU
		Release|Any CPU = Release|Any CPU
	EndGlobalSection
	GlobalSection(ProjectConfigurationPlatforms) = postSolution
		{C0E25F5C-9CAF-46B8-B890-46EEE6428AAB}.Debug|Any CPU.ActiveCfg = Debug|Any CPU
		{C0E25F5C-9CAF-46B8-B890-46EEE6428AAB}.Debug|Any CPU.Build.0 = Debug|Any CPU
		{C0E25F5C-9CAF-46B8-B890-46EEE6428AAB}.Release|Any CPU.ActiveCfg = Release|Any CPU
		{C0E25F5C-9CAF-46B8-B890-46EEE6428AAB}.Release|Any CPU.Build.0 = Release|Any CPU
		{D46A0908-8A88-4972-8570-7B9501638043}.Debug|Any CPU.ActiveCfg = Debug|Any CPU
		{D46A0908-8A88-4972-8570-7B9501638043}.Debug|Any CPU.Build.0 = Debug|Any CPU
		{D46A0908-8A88-4972-8570-7B9501638043}.Release|Any CPU.ActiveCfg = Release|Any CPU
		{D46A0908-8A88-4972-8570-7B9501638043}.Release|Any CPU.Build.0 = Release|Any CPU
		{D0555A5E-C4FB-4C81-918A-DD2E5A10C73B}.Debug|Any CPU.ActiveCfg = Debug|Any CPU
		{D0555A5E-C4FB-4C81-918A-DD2E5A10C73B}.Debug|Any CPU.Build.0 = Debug|Any CPU
		{D0555A5E-C4FB-4C81-918A-DD2E5A10C73B}.Release|Any CPU.ActiveCfg = Release|Any CPU
		{D0555A5E-C4FB-4C81-918A-DD2E5A10C73B}.Release|Any CPU.Build.0 = Release|Any CPU
		{08D62AD4-B93E-4ED1-B3D0-640F57C27934}.Debug|Any CPU.ActiveCfg = Debug|Any CPU
		{08D62AD4-B93E-4ED1-B3D0-640F57C27934}.Debug|Any CPU.Build.0 = Debug|Any CPU
		{08D62AD4-B93E-4ED1-B3D0-640F57C27934}.Release|Any CPU.ActiveCfg = Release|Any CPU
		{08D62AD4-B93E-4ED1-B3D0-640F57C27934}.Release|Any CPU.Build.0 = Release|Any CPU
		{EF58E3A1-0039-40D2-B955-264655E50A3F}.Debug|Any CPU.ActiveCfg = Debug|Any CPU
		{EF58E3A1-0039-40D2-B955-264655E50A3F}.Debug|Any CPU.Build.0 = Debug|Any CPU
		{EF58E3A1-0039-40D2-B955-264655E50A3F}.Release|Any CPU.ActiveCfg = Release|Any CPU
		{EF58E3A1-0039-40D2-B955-264655E50A3F}.Release|Any CPU.Build.0 = Release|Any CPU
	EndGlobalSection
	GlobalSection(SolutionProperties) = preSolution
		HideSolutionNode = FALSE
	EndGlobalSection
	GlobalSection(ExtensibilityGlobals) = postSolution
		SolutionGuid = {B5312E79-C2A1-4E29-9DF4-95D9EE61DD90}
	EndGlobalSection
EndGlobal
