
Microsoft Visual Studio Solution File, Format Version 12.00
# Visual Studio Version 17
VisualStudioVersion = 17.10.35013.160
MinimumVisualStudioVersion = 10.0.40219.1
Project("{FAE04EC0-301F-11D3-BF4B-00C04F79EFBC}") = "GymInnowise.GymService.API", "GymInnowise.GymService.API\GymInnowise.GymService.API.csproj", "{08A4A469-35E4-4FF2-91F5-86E98408C977}"
EndProject
Project("{FAE04EC0-301F-11D3-BF4B-00C04F79EFBC}") = "GymInnowise.GymService.Persistence", "GymInnowise.GymService.Persistence\GymInnowise.GymService.Persistence.csproj", "{E8899283-60CF-44D7-9019-F901C6BFA6CF}"
EndProject
Global
	GlobalSection(SolutionConfigurationPlatforms) = preSolution
		Debug|Any CPU = Debug|Any CPU
		Release|Any CPU = Release|Any CPU
	EndGlobalSection
	GlobalSection(ProjectConfigurationPlatforms) = postSolution
		{08A4A469-35E4-4FF2-91F5-86E98408C977}.Debug|Any CPU.ActiveCfg = Debug|Any CPU
		{08A4A469-35E4-4FF2-91F5-86E98408C977}.Debug|Any CPU.Build.0 = Debug|Any CPU
		{08A4A469-35E4-4FF2-91F5-86E98408C977}.Release|Any CPU.ActiveCfg = Release|Any CPU
		{08A4A469-35E4-4FF2-91F5-86E98408C977}.Release|Any CPU.Build.0 = Release|Any CPU
		{E8899283-60CF-44D7-9019-F901C6BFA6CF}.Debug|Any CPU.ActiveCfg = Debug|Any CPU
		{E8899283-60CF-44D7-9019-F901C6BFA6CF}.Debug|Any CPU.Build.0 = Debug|Any CPU
		{E8899283-60CF-44D7-9019-F901C6BFA6CF}.Release|Any CPU.ActiveCfg = Release|Any CPU
		{E8899283-60CF-44D7-9019-F901C6BFA6CF}.Release|Any CPU.Build.0 = Release|Any CPU
	EndGlobalSection
	GlobalSection(SolutionProperties) = preSolution
		HideSolutionNode = FALSE
	EndGlobalSection
	GlobalSection(ExtensibilityGlobals) = postSolution
		SolutionGuid = {01AC38A5-030D-48EB-998F-07C3DE3D0775}
	EndGlobalSection
EndGlobal
